
Microsoft Visual Studio Solution File, Format Version 12.00
# Visual Studio 15
Project("{FAE04EC0-301F-11D3-BF4B-00C04F79EFBC}") = "Assembly-CSharp", "Assembly-CSharp.csproj", "{5421C188-1D33-3B98-9D44-176536F88EC8}"
EndProject
Project("{FAE04EC0-301F-11D3-BF4B-00C04F79EFBC}") = "AstarPathfindingProject", "AstarPathfindingProject.csproj", "{4EC504F1-8080-A930-4660-0A4BCD22D86D}"
EndProject
Project("{FAE04EC0-301F-11D3-BF4B-00C04F79EFBC}") = "AstarPathfindingProjectEditor", "AstarPathfindingProjectEditor.csproj", "{FEC8EDFB-E4F3-BDAF-4588-7CA5393F8401}"
EndProject
Project("{FAE04EC0-301F-11D3-BF4B-00C04F79EFBC}") = "PackageToolsEditor", "PackageToolsEditor.csproj", "{0F3F46F4-8582-2CDB-F222-B969002C2905}"
EndProject
Project("{FAE04EC0-301F-11D3-BF4B-00C04F79EFBC}") = "Assembly-CSharp-Editor", "Assembly-CSharp-Editor.csproj", "{CB7CB8CA-B496-C63E-BEA6-01688576ABBD}"
EndProject
Global
	GlobalSection(SolutionConfigurationPlatforms) = preSolution
		Debug|Any CPU = Debug|Any CPU
		Release|Any CPU = Release|Any CPU
	EndGlobalSection
	GlobalSection(ProjectConfigurationPlatforms) = postSolution
		{5421C188-1D33-3B98-9D44-176536F88EC8}.Debug|Any CPU.ActiveCfg = Debug|Any CPU
		{5421C188-1D33-3B98-9D44-176536F88EC8}.Debug|Any CPU.Build.0 = Debug|Any CPU
		{5421C188-1D33-3B98-9D44-176536F88EC8}.Release|Any CPU.ActiveCfg = Release|Any CPU
		{5421C188-1D33-3B98-9D44-176536F88EC8}.Release|Any CPU.Build.0 = Release|Any CPU
		{4EC504F1-8080-A930-4660-0A4BCD22D86D}.Debug|Any CPU.ActiveCfg = Debug|Any CPU
		{4EC504F1-8080-A930-4660-0A4BCD22D86D}.Debug|Any CPU.Build.0 = Debug|Any CPU
		{4EC504F1-8080-A930-4660-0A4BCD22D86D}.Release|Any CPU.ActiveCfg = Release|Any CPU
		{4EC504F1-8080-A930-4660-0A4BCD22D86D}.Release|Any CPU.Build.0 = Release|Any CPU
		{FEC8EDFB-E4F3-BDAF-4588-7CA5393F8401}.Debug|Any CPU.ActiveCfg = Debug|Any CPU
		{FEC8EDFB-E4F3-BDAF-4588-7CA5393F8401}.Debug|Any CPU.Build.0 = Debug|Any CPU
		{FEC8EDFB-E4F3-BDAF-4588-7CA5393F8401}.Release|Any CPU.ActiveCfg = Release|Any CPU
		{FEC8EDFB-E4F3-BDAF-4588-7CA5393F8401}.Release|Any CPU.Build.0 = Release|Any CPU
		{0F3F46F4-8582-2CDB-F222-B969002C2905}.Debug|Any CPU.ActiveCfg = Debug|Any CPU
		{0F3F46F4-8582-2CDB-F222-B969002C2905}.Debug|Any CPU.Build.0 = Debug|Any CPU
		{0F3F46F4-8582-2CDB-F222-B969002C2905}.Release|Any CPU.ActiveCfg = Release|Any CPU
		{0F3F46F4-8582-2CDB-F222-B969002C2905}.Release|Any CPU.Build.0 = Release|Any CPU
		{CB7CB8CA-B496-C63E-BEA6-01688576ABBD}.Debug|Any CPU.ActiveCfg = Debug|Any CPU
		{CB7CB8CA-B496-C63E-BEA6-01688576ABBD}.Debug|Any CPU.Build.0 = Debug|Any CPU
		{CB7CB8CA-B496-C63E-BEA6-01688576ABBD}.Release|Any CPU.ActiveCfg = Release|Any CPU
		{CB7CB8CA-B496-C63E-BEA6-01688576ABBD}.Release|Any CPU.Build.0 = Release|Any CPU
	EndGlobalSection
	GlobalSection(SolutionProperties) = preSolution
		HideSolutionNode = FALSE
	EndGlobalSection
EndGlobal
